// !$*UTF8*$!
{
	archiveVersion = 1;
	classes = {
	};
	objectVersion = 50;
	objects = {

/* Begin PBXBuildFile section */
		EC34D42125C5E5CB004CC42C /* AppDelegate.swift in Sources */ = {isa = PBXBuildFile; fileRef = EC34D42025C5E5CB004CC42C /* AppDelegate.swift */; };
		EC34D42B25C5E5CB004CC42C /* MyWeatherApp.xcdatamodeld in Sources */ = {isa = PBXBuildFile; fileRef = EC34D42925C5E5CB004CC42C /* MyWeatherApp.xcdatamodeld */; };
		EC34D43025C5E5CF004CC42C /* LaunchScreen.storyboard in Resources */ = {isa = PBXBuildFile; fileRef = EC34D42E25C5E5CF004CC42C /* LaunchScreen.storyboard */; };
		EC34D43925C5FBBF004CC42C /* SnapKit.framework in Frameworks */ = {isa = PBXBuildFile; fileRef = EC34D43825C5FBBF004CC42C /* SnapKit.framework */; };
		EC34D43A25C5FBBF004CC42C /* SnapKit.framework in Embed Frameworks */ = {isa = PBXBuildFile; fileRef = EC34D43825C5FBBF004CC42C /* SnapKit.framework */; settings = {ATTRIBUTES = (CodeSignOnCopy, RemoveHeadersOnCopy, ); }; };
		EC34D43F25C6A1BD004CC42C /* Screens.swift in Sources */ = {isa = PBXBuildFile; fileRef = EC34D43E25C6A1BD004CC42C /* Screens.swift */; };
		EC34D44525C6A27E004CC42C /* ViewController.swift in Sources */ = {isa = PBXBuildFile; fileRef = EC34D44425C6A27E004CC42C /* ViewController.swift */; };
		EC34D44725C6A30F004CC42C /* ViewModel.swift in Sources */ = {isa = PBXBuildFile; fileRef = EC34D44625C6A30F004CC42C /* ViewModel.swift */; };
		EC34D44925C6A329004CC42C /* Router.swift in Sources */ = {isa = PBXBuildFile; fileRef = EC34D44825C6A329004CC42C /* Router.swift */; };
		EC34D44B25C6A7A9004CC42C /* MainRouter.swift in Sources */ = {isa = PBXBuildFile; fileRef = EC34D44A25C6A7A9004CC42C /* MainRouter.swift */; };
		EC34D44D25C6A8A9004CC42C /* MainViewModel.swift in Sources */ = {isa = PBXBuildFile; fileRef = EC34D44C25C6A8A9004CC42C /* MainViewModel.swift */; };
		EC34D44F25C6A8CB004CC42C /* MainViewController.swift in Sources */ = {isa = PBXBuildFile; fileRef = EC34D44E25C6A8CB004CC42C /* MainViewController.swift */; };
		EC34D45325C6C45E004CC42C /* Colors.swift in Sources */ = {isa = PBXBuildFile; fileRef = EC34D45225C6C45E004CC42C /* Colors.swift */; };
		EC34D45625C6CA87004CC42C /* TopView.swift in Sources */ = {isa = PBXBuildFile; fileRef = EC34D45525C6CA87004CC42C /* TopView.swift */; };
		EC34D45925C6D540004CC42C /* View.swift in Sources */ = {isa = PBXBuildFile; fileRef = EC34D45825C6D540004CC42C /* View.swift */; };
		EC34D45C25C6E04E004CC42C /* Images.swift in Sources */ = {isa = PBXBuildFile; fileRef = EC34D45B25C6E04E004CC42C /* Images.swift */; };
		EC34D45E25C6EC68004CC42C /* Assets.xcassets in Resources */ = {isa = PBXBuildFile; fileRef = EC34D45D25C6EC68004CC42C /* Assets.xcassets */; };
		EC34D46525C9E988004CC42C /* TableView.swift in Sources */ = {isa = PBXBuildFile; fileRef = EC34D46425C9E988004CC42C /* TableView.swift */; };
		EC34D46825CBCCBC004CC42C /* MapRouter.swift in Sources */ = {isa = PBXBuildFile; fileRef = EC34D46725CBCCBC004CC42C /* MapRouter.swift */; };
		EC34D46A25CBCD09004CC42C /* MapViewModel.swift in Sources */ = {isa = PBXBuildFile; fileRef = EC34D46925CBCD09004CC42C /* MapViewModel.swift */; };
		EC34D46C25CBCD26004CC42C /* MapViewController.swift in Sources */ = {isa = PBXBuildFile; fileRef = EC34D46B25CBCD26004CC42C /* MapViewController.swift */; };
		EC34D47325CC715B004CC42C /* StackView.swift in Sources */ = {isa = PBXBuildFile; fileRef = EC34D47225CC715B004CC42C /* StackView.swift */; };
		EC34D47825CC73F2004CC42C /* IndicatorsType.swift in Sources */ = {isa = PBXBuildFile; fileRef = EC34D47725CC73F2004CC42C /* IndicatorsType.swift */; };
		EC34D47A25CC793C004CC42C /* TableViewCell.swift in Sources */ = {isa = PBXBuildFile; fileRef = EC34D47925CC793C004CC42C /* TableViewCell.swift */; };
		EC34D47C25CC8E6F004CC42C /* HourlyCollectionViewCell.swift in Sources */ = {isa = PBXBuildFile; fileRef = EC34D47B25CC8E6F004CC42C /* HourlyCollectionViewCell.swift */; };
		EC34D47E25CC8E82004CC42C /* CollectionViewCell.swift in Sources */ = {isa = PBXBuildFile; fileRef = EC34D47D25CC8E82004CC42C /* CollectionViewCell.swift */; };
		EC34D48025CC912B004CC42C /* HourlyType.swift in Sources */ = {isa = PBXBuildFile; fileRef = EC34D47F25CC912B004CC42C /* HourlyType.swift */; };
		EC34D48225CCA58D004CC42C /* DayForecastCell.swift in Sources */ = {isa = PBXBuildFile; fileRef = EC34D48125CCA58D004CC42C /* DayForecastCell.swift */; };
		EC34D48425CCA5AD004CC42C /* DayForecastType.swift in Sources */ = {isa = PBXBuildFile; fileRef = EC34D48325CCA5AD004CC42C /* DayForecastType.swift */; };
		EC34D48625D29134004CC42C /* IndicatorsStackView.swift in Sources */ = {isa = PBXBuildFile; fileRef = EC34D48525D29134004CC42C /* IndicatorsStackView.swift */; };
		EC34D48D25D29658004CC42C /* MWAViewForIndicators.swift in Sources */ = {isa = PBXBuildFile; fileRef = EC34D48C25D29658004CC42C /* MWAViewForIndicators.swift */; };
		ECE99A3525D33564003170F2 /* Alamofire.framework in Frameworks */ = {isa = PBXBuildFile; fileRef = ECE99A3425D33564003170F2 /* Alamofire.framework */; };
		ECE99A3625D33564003170F2 /* Alamofire.framework in Embed Frameworks */ = {isa = PBXBuildFile; fileRef = ECE99A3425D33564003170F2 /* Alamofire.framework */; settings = {ATTRIBUTES = (CodeSignOnCopy, RemoveHeadersOnCopy, ); }; };
/* End PBXBuildFile section */

/* Begin PBXCopyFilesBuildPhase section */
		EC34D43B25C5FBBF004CC42C /* Embed Frameworks */ = {
			isa = PBXCopyFilesBuildPhase;
			buildActionMask = 2147483647;
			dstPath = "";
			dstSubfolderSpec = 10;
			files = (
				EC34D43A25C5FBBF004CC42C /* SnapKit.framework in Embed Frameworks */,
				ECE99A3625D33564003170F2 /* Alamofire.framework in Embed Frameworks */,
			);
			name = "Embed Frameworks";
			runOnlyForDeploymentPostprocessing = 0;
		};
/* End PBXCopyFilesBuildPhase section */

/* Begin PBXFileReference section */
		EC34D41D25C5E5CB004CC42C /* MyWeatherApp.app */ = {isa = PBXFileReference; explicitFileType = wrapper.application; includeInIndex = 0; path = MyWeatherApp.app; sourceTree = BUILT_PRODUCTS_DIR; };
		EC34D42025C5E5CB004CC42C /* AppDelegate.swift */ = {isa = PBXFileReference; lastKnownFileType = sourcecode.swift; path = AppDelegate.swift; sourceTree = "<group>"; };
		EC34D42A25C5E5CB004CC42C /* MyWeatherApp.xcdatamodel */ = {isa = PBXFileReference; lastKnownFileType = wrapper.xcdatamodel; path = MyWeatherApp.xcdatamodel; sourceTree = "<group>"; };
		EC34D42F25C5E5CF004CC42C /* Base */ = {isa = PBXFileReference; lastKnownFileType = file.storyboard; name = Base; path = Base.lproj/LaunchScreen.storyboard; sourceTree = "<group>"; };
		EC34D43125C5E5CF004CC42C /* Info.plist */ = {isa = PBXFileReference; lastKnownFileType = text.plist.xml; path = Info.plist; sourceTree = "<group>"; };
		EC34D43825C5FBBF004CC42C /* SnapKit.framework */ = {isa = PBXFileReference; lastKnownFileType = wrapper.framework; name = SnapKit.framework; path = Carthage/Build/iOS/SnapKit.framework; sourceTree = "<group>"; };
		EC34D43E25C6A1BD004CC42C /* Screens.swift */ = {isa = PBXFileReference; lastKnownFileType = sourcecode.swift; path = Screens.swift; sourceTree = "<group>"; };
		EC34D44425C6A27E004CC42C /* ViewController.swift */ = {isa = PBXFileReference; lastKnownFileType = sourcecode.swift; path = ViewController.swift; sourceTree = "<group>"; };
		EC34D44625C6A30F004CC42C /* ViewModel.swift */ = {isa = PBXFileReference; lastKnownFileType = sourcecode.swift; path = ViewModel.swift; sourceTree = "<group>"; };
		EC34D44825C6A329004CC42C /* Router.swift */ = {isa = PBXFileReference; lastKnownFileType = sourcecode.swift; path = Router.swift; sourceTree = "<group>"; };
		EC34D44A25C6A7A9004CC42C /* MainRouter.swift */ = {isa = PBXFileReference; lastKnownFileType = sourcecode.swift; path = MainRouter.swift; sourceTree = "<group>"; };
		EC34D44C25C6A8A9004CC42C /* MainViewModel.swift */ = {isa = PBXFileReference; lastKnownFileType = sourcecode.swift; path = MainViewModel.swift; sourceTree = "<group>"; };
		EC34D44E25C6A8CB004CC42C /* MainViewController.swift */ = {isa = PBXFileReference; lastKnownFileType = sourcecode.swift; path = MainViewController.swift; sourceTree = "<group>"; };
		EC34D45225C6C45E004CC42C /* Colors.swift */ = {isa = PBXFileReference; lastKnownFileType = sourcecode.swift; path = Colors.swift; sourceTree = "<group>"; };
		EC34D45525C6CA87004CC42C /* TopView.swift */ = {isa = PBXFileReference; lastKnownFileType = sourcecode.swift; path = TopView.swift; sourceTree = "<group>"; };
		EC34D45825C6D540004CC42C /* View.swift */ = {isa = PBXFileReference; lastKnownFileType = sourcecode.swift; path = View.swift; sourceTree = "<group>"; };
		EC34D45B25C6E04E004CC42C /* Images.swift */ = {isa = PBXFileReference; lastKnownFileType = sourcecode.swift; path = Images.swift; sourceTree = "<group>"; };
		EC34D45D25C6EC68004CC42C /* Assets.xcassets */ = {isa = PBXFileReference; lastKnownFileType = folder.assetcatalog; path = Assets.xcassets; sourceTree = "<group>"; };
		EC34D46425C9E988004CC42C /* TableView.swift */ = {isa = PBXFileReference; lastKnownFileType = sourcecode.swift; path = TableView.swift; sourceTree = "<group>"; };
		EC34D46725CBCCBC004CC42C /* MapRouter.swift */ = {isa = PBXFileReference; lastKnownFileType = sourcecode.swift; path = MapRouter.swift; sourceTree = "<group>"; };
		EC34D46925CBCD09004CC42C /* MapViewModel.swift */ = {isa = PBXFileReference; lastKnownFileType = sourcecode.swift; path = MapViewModel.swift; sourceTree = "<group>"; };
		EC34D46B25CBCD26004CC42C /* MapViewController.swift */ = {isa = PBXFileReference; lastKnownFileType = sourcecode.swift; path = MapViewController.swift; sourceTree = "<group>"; };
		EC34D47225CC715B004CC42C /* StackView.swift */ = {isa = PBXFileReference; lastKnownFileType = sourcecode.swift; path = StackView.swift; sourceTree = "<group>"; };
		EC34D47725CC73F2004CC42C /* IndicatorsType.swift */ = {isa = PBXFileReference; lastKnownFileType = sourcecode.swift; path = IndicatorsType.swift; sourceTree = "<group>"; };
		EC34D47925CC793C004CC42C /* TableViewCell.swift */ = {isa = PBXFileReference; lastKnownFileType = sourcecode.swift; path = TableViewCell.swift; sourceTree = "<group>"; };
		EC34D47B25CC8E6F004CC42C /* HourlyCollectionViewCell.swift */ = {isa = PBXFileReference; lastKnownFileType = sourcecode.swift; path = HourlyCollectionViewCell.swift; sourceTree = "<group>"; };
		EC34D47D25CC8E82004CC42C /* CollectionViewCell.swift */ = {isa = PBXFileReference; lastKnownFileType = sourcecode.swift; path = CollectionViewCell.swift; sourceTree = "<group>"; };
		EC34D47F25CC912B004CC42C /* HourlyType.swift */ = {isa = PBXFileReference; lastKnownFileType = sourcecode.swift; path = HourlyType.swift; sourceTree = "<group>"; };
		EC34D48125CCA58D004CC42C /* DayForecastCell.swift */ = {isa = PBXFileReference; lastKnownFileType = sourcecode.swift; path = DayForecastCell.swift; sourceTree = "<group>"; };
		EC34D48325CCA5AD004CC42C /* DayForecastType.swift */ = {isa = PBXFileReference; lastKnownFileType = sourcecode.swift; path = DayForecastType.swift; sourceTree = "<group>"; };
		EC34D48525D29134004CC42C /* IndicatorsStackView.swift */ = {isa = PBXFileReference; lastKnownFileType = sourcecode.swift; path = IndicatorsStackView.swift; sourceTree = "<group>"; };
		EC34D48C25D29658004CC42C /* MWAViewForIndicators.swift */ = {isa = PBXFileReference; lastKnownFileType = sourcecode.swift; path = MWAViewForIndicators.swift; sourceTree = "<group>"; };
		ECE99A3425D33564003170F2 /* Alamofire.framework */ = {isa = PBXFileReference; lastKnownFileType = wrapper.framework; name = Alamofire.framework; path = Carthage/Build/iOS/Alamofire.framework; sourceTree = "<group>"; };
/* End PBXFileReference section */

/* Begin PBXFrameworksBuildPhase section */
		EC34D41A25C5E5CB004CC42C /* Frameworks */ = {
			isa = PBXFrameworksBuildPhase;
			buildActionMask = 2147483647;
			files = (
				EC34D43925C5FBBF004CC42C /* SnapKit.framework in Frameworks */,
				ECE99A3525D33564003170F2 /* Alamofire.framework in Frameworks */,
			);
			runOnlyForDeploymentPostprocessing = 0;
		};
/* End PBXFrameworksBuildPhase section */

/* Begin PBXGroup section */
		EC34D41425C5E5CB004CC42C = {
			isa = PBXGroup;
			children = (
				EC34D41F25C5E5CB004CC42C /* MyWeatherApp */,
				EC34D41E25C5E5CB004CC42C /* Products */,
				EC34D43725C5FBBF004CC42C /* Frameworks */,
			);
			sourceTree = "<group>";
		};
		EC34D41E25C5E5CB004CC42C /* Products */ = {
			isa = PBXGroup;
			children = (
				EC34D41D25C5E5CB004CC42C /* MyWeatherApp.app */,
			);
			name = Products;
			sourceTree = "<group>";
		};
		EC34D41F25C5E5CB004CC42C /* MyWeatherApp */ = {
			isa = PBXGroup;
			children = (
				EC34D42025C5E5CB004CC42C /* AppDelegate.swift */,
				EC34D43D25C6A1A6004CC42C /* Screens */,
				EC34D44225C6A233004CC42C /* Base */,
				EC34D44025C6A20B004CC42C /* Modules */,
				ECE99A3125D3248A003170F2 /* Services */,
				EC34D45025C6C42F004CC42C /* Resources */,
			);
			path = MyWeatherApp;
			sourceTree = "<group>";
		};
		EC34D43725C5FBBF004CC42C /* Frameworks */ = {
			isa = PBXGroup;
			children = (
				ECE99A3425D33564003170F2 /* Alamofire.framework */,
				EC34D43825C5FBBF004CC42C /* SnapKit.framework */,
			);
			name = Frameworks;
			sourceTree = "<group>";
		};
		EC34D43D25C6A1A6004CC42C /* Screens */ = {
			isa = PBXGroup;
			children = (
				EC34D43E25C6A1BD004CC42C /* Screens.swift */,
			);
			path = Screens;
			sourceTree = "<group>";
		};
		EC34D44025C6A20B004CC42C /* Modules */ = {
			isa = PBXGroup;
			children = (
				EC34D46625CBCC8C004CC42C /* Map */,
				EC34D44125C6A228004CC42C /* Main */,
			);
			path = Modules;
			sourceTree = "<group>";
		};
		EC34D44125C6A228004CC42C /* Main */ = {
			isa = PBXGroup;
			children = (
				EC34D44E25C6A8CB004CC42C /* MainViewController.swift */,
				EC34D44C25C6A8A9004CC42C /* MainViewModel.swift */,
				EC34D44A25C6A7A9004CC42C /* MainRouter.swift */,
				EC34D47625CC73B8004CC42C /* Models */,
				EC34D45425C6CA59004CC42C /* Components */,
			);
			path = Main;
			sourceTree = "<group>";
		};
		EC34D44225C6A233004CC42C /* Base */ = {
			isa = PBXGroup;
			children = (
				EC34D48B25D29604004CC42C /* Views */,
				EC34D45725C6D4D7004CC42C /* BaseViews */,
				EC34D44325C6A244004CC42C /* MVVM */,
			);
			path = Base;
			sourceTree = "<group>";
		};
		EC34D44325C6A244004CC42C /* MVVM */ = {
			isa = PBXGroup;
			children = (
				EC34D44425C6A27E004CC42C /* ViewController.swift */,
				EC34D44625C6A30F004CC42C /* ViewModel.swift */,
				EC34D44825C6A329004CC42C /* Router.swift */,
			);
			path = MVVM;
			sourceTree = "<group>";
		};
		EC34D45025C6C42F004CC42C /* Resources */ = {
			isa = PBXGroup;
			children = (
				EC34D45A25C6E039004CC42C /* Images */,
				EC34D45125C6C44E004CC42C /* Colors */,
				EC34D45D25C6EC68004CC42C /* Assets.xcassets */,
				EC34D42E25C5E5CF004CC42C /* LaunchScreen.storyboard */,
				EC34D43125C5E5CF004CC42C /* Info.plist */,
				EC34D42925C5E5CB004CC42C /* MyWeatherApp.xcdatamodeld */,
			);
			path = Resources;
			sourceTree = "<group>";
		};
		EC34D45125C6C44E004CC42C /* Colors */ = {
			isa = PBXGroup;
			children = (
				EC34D45225C6C45E004CC42C /* Colors.swift */,
			);
			path = Colors;
			sourceTree = "<group>";
		};
		EC34D45425C6CA59004CC42C /* Components */ = {
			isa = PBXGroup;
			children = (
				EC34D45525C6CA87004CC42C /* TopView.swift */,
				EC34D48525D29134004CC42C /* IndicatorsStackView.swift */,
				EC34D47B25CC8E6F004CC42C /* HourlyCollectionViewCell.swift */,
				EC34D48125CCA58D004CC42C /* DayForecastCell.swift */,
			);
			path = Components;
			sourceTree = "<group>";
		};
		EC34D45725C6D4D7004CC42C /* BaseViews */ = {
			isa = PBXGroup;
			children = (
				EC34D45825C6D540004CC42C /* View.swift */,
				EC34D46425C9E988004CC42C /* TableView.swift */,
				EC34D47225CC715B004CC42C /* StackView.swift */,
				EC34D47925CC793C004CC42C /* TableViewCell.swift */,
				EC34D47D25CC8E82004CC42C /* CollectionViewCell.swift */,
			);
			path = BaseViews;
			sourceTree = "<group>";
		};
		EC34D45A25C6E039004CC42C /* Images */ = {
			isa = PBXGroup;
			children = (
				EC34D45B25C6E04E004CC42C /* Images.swift */,
			);
			path = Images;
			sourceTree = "<group>";
		};
		EC34D46625CBCC8C004CC42C /* Map */ = {
			isa = PBXGroup;
			children = (
				EC34D46B25CBCD26004CC42C /* MapViewController.swift */,
				EC34D46925CBCD09004CC42C /* MapViewModel.swift */,
				EC34D46725CBCCBC004CC42C /* MapRouter.swift */,
			);
			path = Map;
			sourceTree = "<group>";
		};
		EC34D47625CC73B8004CC42C /* Models */ = {
			isa = PBXGroup;
			children = (
				EC34D47725CC73F2004CC42C /* IndicatorsType.swift */,
				EC34D47F25CC912B004CC42C /* HourlyType.swift */,
				EC34D48325CCA5AD004CC42C /* DayForecastType.swift */,
			);
			path = Models;
			sourceTree = "<group>";
		};
		EC34D48B25D29604004CC42C /* Views */ = {
			isa = PBXGroup;
			children = (
				EC34D48C25D29658004CC42C /* MWAViewForIndicators.swift */,
			);
			path = Views;
			sourceTree = "<group>";
		};
		ECE99A3125D3248A003170F2 /* Services */ = {
			isa = PBXGroup;
			children = (
				ECE99A3325D324E9003170F2 /* New Group */,
				ECE99A3225D324CD003170F2 /* WeatherForecastService */,
			);
			path = Services;
			sourceTree = "<group>";
		};
		ECE99A3225D324CD003170F2 /* WeatherForecastService */ = {
			isa = PBXGroup;
			children = (
			);
			path = WeatherForecastService;
			sourceTree = "<group>";
		};
		ECE99A3325D324E9003170F2 /* New Group */ = {
			isa = PBXGroup;
			children = (
			);
			path = "New Group";
			sourceTree = "<group>";
		};
/* End PBXGroup section */

/* Begin PBXNativeTarget section */
		EC34D41C25C5E5CB004CC42C /* MyWeatherApp */ = {
			isa = PBXNativeTarget;
			buildConfigurationList = EC34D43425C5E5CF004CC42C /* Build configuration list for PBXNativeTarget "MyWeatherApp" */;
			buildPhases = (
				EC34D41925C5E5CB004CC42C /* Sources */,
				EC34D41A25C5E5CB004CC42C /* Frameworks */,
				EC34D41B25C5E5CB004CC42C /* Resources */,
				EC34D43B25C5FBBF004CC42C /* Embed Frameworks */,
				EC34D43C25C5FBE2004CC42C /* ShellScript */,
			);
			buildRules = (
			);
			dependencies = (
			);
			name = MyWeatherApp;
			productName = MyWeatherApp;
			productReference = EC34D41D25C5E5CB004CC42C /* MyWeatherApp.app */;
			productType = "com.apple.product-type.application";
		};
/* End PBXNativeTarget section */

/* Begin PBXProject section */
		EC34D41525C5E5CB004CC42C /* Project object */ = {
			isa = PBXProject;
			attributes = {
				LastSwiftUpdateCheck = 1140;
				LastUpgradeCheck = 1140;
				ORGANIZATIONNAME = "Denys Vorko";
				TargetAttributes = {
					EC34D41C25C5E5CB004CC42C = {
						CreatedOnToolsVersion = 11.4.1;
					};
				};
			};
			buildConfigurationList = EC34D41825C5E5CB004CC42C /* Build configuration list for PBXProject "MyWeatherApp" */;
			compatibilityVersion = "Xcode 9.3";
			developmentRegion = en;
			hasScannedForEncodings = 0;
			knownRegions = (
				en,
				Base,
			);
			mainGroup = EC34D41425C5E5CB004CC42C;
			productRefGroup = EC34D41E25C5E5CB004CC42C /* Products */;
			projectDirPath = "";
			projectRoot = "";
			targets = (
				EC34D41C25C5E5CB004CC42C /* MyWeatherApp */,
			);
		};
/* End PBXProject section */

/* Begin PBXResourcesBuildPhase section */
		EC34D41B25C5E5CB004CC42C /* Resources */ = {
			isa = PBXResourcesBuildPhase;
			buildActionMask = 2147483647;
			files = (
				EC34D45E25C6EC68004CC42C /* Assets.xcassets in Resources */,
				EC34D43025C5E5CF004CC42C /* LaunchScreen.storyboard in Resources */,
			);
			runOnlyForDeploymentPostprocessing = 0;
		};
/* End PBXResourcesBuildPhase section */

/* Begin PBXShellScriptBuildPhase section */
		EC34D43C25C5FBE2004CC42C /* ShellScript */ = {
			isa = PBXShellScriptBuildPhase;
			buildActionMask = 2147483647;
			files = (
			);
			inputFileListPaths = (
			);
			inputPaths = (
				"$(SRCROOT)/Carthage/Build/iOS/SnapKit.framework",
				"$(SRCROOT)/Carthage/Build/iOS/Alamofire.framework",
			);
			outputFileListPaths = (
			);
			outputPaths = (
			);
			runOnlyForDeploymentPostprocessing = 0;
			shellPath = /bin/sh;
			shellScript = "/usr/local/bin/carthage copy-frameworks\n";
		};
/* End PBXShellScriptBuildPhase section */

/* Begin PBXSourcesBuildPhase section */
		EC34D41925C5E5CB004CC42C /* Sources */ = {
			isa = PBXSourcesBuildPhase;
			buildActionMask = 2147483647;
			files = (
				EC34D42B25C5E5CB004CC42C /* MyWeatherApp.xcdatamodeld in Sources */,
				EC34D46525C9E988004CC42C /* TableView.swift in Sources */,
				EC34D46825CBCCBC004CC42C /* MapRouter.swift in Sources */,
				EC34D45325C6C45E004CC42C /* Colors.swift in Sources */,
				EC34D44B25C6A7A9004CC42C /* MainRouter.swift in Sources */,
				EC34D47E25CC8E82004CC42C /* CollectionViewCell.swift in Sources */,
				EC34D42125C5E5CB004CC42C /* AppDelegate.swift in Sources */,
				EC34D48225CCA58D004CC42C /* DayForecastCell.swift in Sources */,
				EC34D48025CC912B004CC42C /* HourlyType.swift in Sources */,
				EC34D45C25C6E04E004CC42C /* Images.swift in Sources */,
				EC34D48625D29134004CC42C /* IndicatorsStackView.swift in Sources */,
				EC34D44925C6A329004CC42C /* Router.swift in Sources */,
				EC34D47325CC715B004CC42C /* StackView.swift in Sources */,
				EC34D46A25CBCD09004CC42C /* MapViewModel.swift in Sources */,
				EC34D43F25C6A1BD004CC42C /* Screens.swift in Sources */,
				EC34D47A25CC793C004CC42C /* TableViewCell.swift in Sources */,
				EC34D47C25CC8E6F004CC42C /* HourlyCollectionViewCell.swift in Sources */,
				EC34D44725C6A30F004CC42C /* ViewModel.swift in Sources */,
				EC34D47825CC73F2004CC42C /* IndicatorsType.swift in Sources */,
				EC34D45625C6CA87004CC42C /* TopView.swift in Sources */,
				EC34D45925C6D540004CC42C /* View.swift in Sources */,
				EC34D44525C6A27E004CC42C /* ViewController.swift in Sources */,
				EC34D44D25C6A8A9004CC42C /* MainViewModel.swift in Sources */,
				EC34D48D25D29658004CC42C /* MWAViewForIndicators.swift in Sources */,
				EC34D48425CCA5AD004CC42C /* DayForecastType.swift in Sources */,
				EC34D44F25C6A8CB004CC42C /* MainViewController.swift in Sources */,
				EC34D46C25CBCD26004CC42C /* MapViewController.swift in Sources */,
			);
			runOnlyForDeploymentPostprocessing = 0;
		};
/* End PBXSourcesBuildPhase section */

/* Begin PBXVariantGroup section */
		EC34D42E25C5E5CF004CC42C /* LaunchScreen.storyboard */ = {
			isa = PBXVariantGroup;
			children = (
				EC34D42F25C5E5CF004CC42C /* Base */,
			);
			name = LaunchScreen.storyboard;
			sourceTree = "<group>";
		};
/* End PBXVariantGroup section */

/* Begin XCBuildConfiguration section */
		EC34D43225C5E5CF004CC42C /* Debug */ = {
			isa = XCBuildConfiguration;
			buildSettings = {
				ALWAYS_SEARCH_USER_PATHS = NO;
				CLANG_ANALYZER_NONNULL = YES;
				CLANG_ANALYZER_NUMBER_OBJECT_CONVERSION = YES_AGGRESSIVE;
				CLANG_CXX_LANGUAGE_STANDARD = "gnu++14";
				CLANG_CXX_LIBRARY = "libc++";
				CLANG_ENABLE_MODULES = YES;
				CLANG_ENABLE_OBJC_ARC = YES;
				CLANG_ENABLE_OBJC_WEAK = YES;
				CLANG_WARN_BLOCK_CAPTURE_AUTORELEASING = YES;
				CLANG_WARN_BOOL_CONVERSION = YES;
				CLANG_WARN_COMMA = YES;
				CLANG_WARN_CONSTANT_CONVERSION = YES;
				CLANG_WARN_DEPRECATED_OBJC_IMPLEMENTATIONS = YES;
				CLANG_WARN_DIRECT_OBJC_ISA_USAGE = YES_ERROR;
				CLANG_WARN_DOCUMENTATION_COMMENTS = YES;
				CLANG_WARN_EMPTY_BODY = YES;
				CLANG_WARN_ENUM_CONVERSION = YES;
				CLANG_WARN_INFINITE_RECURSION = YES;
				CLANG_WARN_INT_CONVERSION = YES;
				CLANG_WARN_NON_LITERAL_NULL_CONVERSION = YES;
				CLANG_WARN_OBJC_IMPLICIT_RETAIN_SELF = YES;
				CLANG_WARN_OBJC_LITERAL_CONVERSION = YES;
				CLANG_WARN_OBJC_ROOT_CLASS = YES_ERROR;
				CLANG_WARN_RANGE_LOOP_ANALYSIS = YES;
				CLANG_WARN_STRICT_PROTOTYPES = YES;
				CLANG_WARN_SUSPICIOUS_MOVE = YES;
				CLANG_WARN_UNGUARDED_AVAILABILITY = YES_AGGRESSIVE;
				CLANG_WARN_UNREACHABLE_CODE = YES;
				CLANG_WARN__DUPLICATE_METHOD_MATCH = YES;
				COPY_PHASE_STRIP = NO;
				DEBUG_INFORMATION_FORMAT = dwarf;
				ENABLE_STRICT_OBJC_MSGSEND = YES;
				ENABLE_TESTABILITY = YES;
				GCC_C_LANGUAGE_STANDARD = gnu11;
				GCC_DYNAMIC_NO_PIC = NO;
				GCC_NO_COMMON_BLOCKS = YES;
				GCC_OPTIMIZATION_LEVEL = 0;
				GCC_PREPROCESSOR_DEFINITIONS = (
					"DEBUG=1",
					"$(inherited)",
				);
				GCC_WARN_64_TO_32_BIT_CONVERSION = YES;
				GCC_WARN_ABOUT_RETURN_TYPE = YES_ERROR;
				GCC_WARN_UNDECLARED_SELECTOR = YES;
				GCC_WARN_UNINITIALIZED_AUTOS = YES_AGGRESSIVE;
				GCC_WARN_UNUSED_FUNCTION = YES;
				GCC_WARN_UNUSED_VARIABLE = YES;
				IPHONEOS_DEPLOYMENT_TARGET = 13.4;
				MTL_ENABLE_DEBUG_INFO = INCLUDE_SOURCE;
				MTL_FAST_MATH = YES;
				ONLY_ACTIVE_ARCH = YES;
				SDKROOT = iphoneos;
				SWIFT_ACTIVE_COMPILATION_CONDITIONS = DEBUG;
				SWIFT_OPTIMIZATION_LEVEL = "-Onone";
			};
			name = Debug;
		};
		EC34D43325C5E5CF004CC42C /* Release */ = {
			isa = XCBuildConfiguration;
			buildSettings = {
				ALWAYS_SEARCH_USER_PATHS = NO;
				CLANG_ANALYZER_NONNULL = YES;
				CLANG_ANALYZER_NUMBER_OBJECT_CONVERSION = YES_AGGRESSIVE;
				CLANG_CXX_LANGUAGE_STANDARD = "gnu++14";
				CLANG_CXX_LIBRARY = "libc++";
				CLANG_ENABLE_MODULES = YES;
				CLANG_ENABLE_OBJC_ARC = YES;
				CLANG_ENABLE_OBJC_WEAK = YES;
				CLANG_WARN_BLOCK_CAPTURE_AUTORELEASING = YES;
				CLANG_WARN_BOOL_CONVERSION = YES;
				CLANG_WARN_COMMA = YES;
				CLANG_WARN_CONSTANT_CONVERSION = YES;
				CLANG_WARN_DEPRECATED_OBJC_IMPLEMENTATIONS = YES;
				CLANG_WARN_DIRECT_OBJC_ISA_USAGE = YES_ERROR;
				CLANG_WARN_DOCUMENTATION_COMMENTS = YES;
				CLANG_WARN_EMPTY_BODY = YES;
				CLANG_WARN_ENUM_CONVERSION = YES;
				CLANG_WARN_INFINITE_RECURSION = YES;
				CLANG_WARN_INT_CONVERSION = YES;
				CLANG_WARN_NON_LITERAL_NULL_CONVERSION = YES;
				CLANG_WARN_OBJC_IMPLICIT_RETAIN_SELF = YES;
				CLANG_WARN_OBJC_LITERAL_CONVERSION = YES;
				CLANG_WARN_OBJC_ROOT_CLASS = YES_ERROR;
				CLANG_WARN_RANGE_LOOP_ANALYSIS = YES;
				CLANG_WARN_STRICT_PROTOTYPES = YES;
				CLANG_WARN_SUSPICIOUS_MOVE = YES;
				CLANG_WARN_UNGUARDED_AVAILABILITY = YES_AGGRESSIVE;
				CLANG_WARN_UNREACHABLE_CODE = YES;
				CLANG_WARN__DUPLICATE_METHOD_MATCH = YES;
				COPY_PHASE_STRIP = NO;
				DEBUG_INFORMATION_FORMAT = "dwarf-with-dsym";
				ENABLE_NS_ASSERTIONS = NO;
				ENABLE_STRICT_OBJC_MSGSEND = YES;
				GCC_C_LANGUAGE_STANDARD = gnu11;
				GCC_NO_COMMON_BLOCKS = YES;
				GCC_WARN_64_TO_32_BIT_CONVERSION = YES;
				GCC_WARN_ABOUT_RETURN_TYPE = YES_ERROR;
				GCC_WARN_UNDECLARED_SELECTOR = YES;
				GCC_WARN_UNINITIALIZED_AUTOS = YES_AGGRESSIVE;
				GCC_WARN_UNUSED_FUNCTION = YES;
				GCC_WARN_UNUSED_VARIABLE = YES;
				IPHONEOS_DEPLOYMENT_TARGET = 13.4;
				MTL_ENABLE_DEBUG_INFO = NO;
				MTL_FAST_MATH = YES;
				SDKROOT = iphoneos;
				SWIFT_COMPILATION_MODE = wholemodule;
				SWIFT_OPTIMIZATION_LEVEL = "-O";
				VALIDATE_PRODUCT = YES;
			};
			name = Release;
		};
		EC34D43525C5E5CF004CC42C /* Debug */ = {
			isa = XCBuildConfiguration;
			buildSettings = {
				ASSETCATALOG_COMPILER_APPICON_NAME = AppIcon;
				CODE_SIGN_STYLE = Automatic;
				DEVELOPMENT_TEAM = Q22JYFQY92;
				FRAMEWORK_SEARCH_PATHS = (
					"$(inherited)",
					"$(PROJECT_DIR)/Carthage/Build/iOS",
				);
				INFOPLIST_FILE = "/Users/denyvorko/Desktop/MyWeatherApp/my-weather-app/MyWeatherApp/Resources/Info.plist";
				IPHONEOS_DEPLOYMENT_TARGET = 10.0;
				LD_RUNPATH_SEARCH_PATHS = (
					"$(inherited)",
					"@executable_path/Frameworks",
				);
				PRODUCT_BUNDLE_IDENTIFIER = Vara.MyWeatherApp;
				PRODUCT_NAME = "$(TARGET_NAME)";
				SWIFT_VERSION = 5.0;
				TARGETED_DEVICE_FAMILY = "1,2";
			};
			name = Debug;
		};
		EC34D43625C5E5CF004CC42C /* Release */ = {
			isa = XCBuildConfiguration;
			buildSettings = {
				ASSETCATALOG_COMPILER_APPICON_NAME = AppIcon;
				CODE_SIGN_STYLE = Automatic;
				DEVELOPMENT_TEAM = Q22JYFQY92;
				FRAMEWORK_SEARCH_PATHS = (
					"$(inherited)",
					"$(PROJECT_DIR)/Carthage/Build/iOS",
				);
				INFOPLIST_FILE = "/Users/denyvorko/Desktop/MyWeatherApp/my-weather-app/MyWeatherApp/Resources/Info.plist";
				IPHONEOS_DEPLOYMENT_TARGET = 10.0;
				LD_RUNPATH_SEARCH_PATHS = (
					"$(inherited)",
					"@executable_path/Frameworks",
				);
				PRODUCT_BUNDLE_IDENTIFIER = Vara.MyWeatherApp;
				PRODUCT_NAME = "$(TARGET_NAME)";
				SWIFT_VERSION = 5.0;
				TARGETED_DEVICE_FAMILY = "1,2";
			};
			name = Release;
		};
/* End XCBuildConfiguration section */

/* Begin XCConfigurationList section */
		EC34D41825C5E5CB004CC42C /* Build configuration list for PBXProject "MyWeatherApp" */ = {
			isa = XCConfigurationList;
			buildConfigurations = (
				EC34D43225C5E5CF004CC42C /* Debug */,
				EC34D43325C5E5CF004CC42C /* Release */,
			);
			defaultConfigurationIsVisible = 0;
			defaultConfigurationName = Release;
		};
		EC34D43425C5E5CF004CC42C /* Build configuration list for PBXNativeTarget "MyWeatherApp" */ = {
			isa = XCConfigurationList;
			buildConfigurations = (
				EC34D43525C5E5CF004CC42C /* Debug */,
				EC34D43625C5E5CF004CC42C /* Release */,
			);
			defaultConfigurationIsVisible = 0;
			defaultConfigurationName = Release;
		};
/* End XCConfigurationList section */

/* Begin XCVersionGroup section */
		EC34D42925C5E5CB004CC42C /* MyWeatherApp.xcdatamodeld */ = {
			isa = XCVersionGroup;
			children = (
				EC34D42A25C5E5CB004CC42C /* MyWeatherApp.xcdatamodel */,
			);
			currentVersion = EC34D42A25C5E5CB004CC42C /* MyWeatherApp.xcdatamodel */;
			path = MyWeatherApp.xcdatamodeld;
			sourceTree = "<group>";
			versionGroupType = wrapper.xcdatamodel;
		};
/* End XCVersionGroup section */
	};
	rootObject = EC34D41525C5E5CB004CC42C /* Project object */;
}
